Microsoft Visual Studio Solution File, Format Version 12.00
# Visual Studio Version 17
VisualStudioVersion = 17.5.2.0
MinimumVisualStudioVersion = 10.0.40219.1
Project("{FAE04EC0-301F-11D3-BF4B-00C04F79EFBC}") = "MauiAppTempoAgora", "MauiAppTempoAgora.csproj", "{B27A4128-D7B7-45D5-C169-BC8439C5FC17}"
EndProject
Global
	GlobalSection(SolutionConfigurationPlatforms) = preSolution
		Debug|Any CPU = Debug|Any CPU
		Release|Any CPU = Release|Any CPU
	EndGlobalSection
	GlobalSection(ProjectConfigurationPlatforms) = postSolution
		{B27A4128-D7B7-45D5-C169-BC8439C5FC17}.Debug|Any CPU.ActiveCfg = Debug|Any CPU
		{B27A4128-D7B7-45D5-C169-BC8439C5FC17}.Debug|Any CPU.Build.0 = Debug|Any CPU
		{B27A4128-D7B7-45D5-C169-BC8439C5FC17}.Release|Any CPU.ActiveCfg = Release|Any CPU
		{B27A4128-D7B7-45D5-C169-BC8439C5FC17}.Release|Any CPU.Build.0 = Release|Any CPU
	EndGlobalSection
	GlobalSection(SolutionProperties) = preSolution
		HideSolutionNode = FALSE
	EndGlobalSection
	GlobalSection(ExtensibilityGlobals) = postSolution
		SolutionGuid = {2FE5A05F-FB17-43C2-AD17-62D930C40D7D}
	EndGlobalSection
EndGlobal
